<Solution>
  <Configurations>
    <Platform Name="Any CPU" />
    <Platform Name="x64" />
    <Platform Name="x86" />
  </Configurations>
  <Folder Name="/Solution Items/" />
  <Project Path="TicketBookingSystem/TicketBookingSystem.csproj" Id="b30a26ec-95ea-4331-a36e-f1bd2713dc69">
    <Platform Solution="*|x64" Project="x64" />
    <Platform Solution="*|x86" Project="x86" />
  </Project>
</Solution>
